
Microsoft Visual Studio Solution File, Format Version 12.00
# Visual Studio Version 17
VisualStudioVersion = 17.0.32014.148
MinimumVisualStudioVersion = 10.0.40219.1
Project("{FAE04EC0-301F-11D3-BF4B-00C04F79EFBC}") = "WebServer.HTTP", "WebServer.HTTP\WebServer.HTTP.csproj", "{C0E6858A-2975-4638-AA64-F5375D97F835}"
EndProject
Global
	GlobalSection(SolutionConfigurationPlatforms) = preSolution
		Debug|Any CPU = Debug|Any CPU
		Release|Any CPU = Release|Any CPU
	EndGlobalSection
	GlobalSection(ProjectConfigurationPlatforms) = postSolution
		{C0E6858A-2975-4638-AA64-F5375D97F835}.Debug|Any CPU.ActiveCfg = Debug|Any CPU
		{C0E6858A-2975-4638-AA64-F5375D97F835}.Debug|Any CPU.Build.0 = Debug|Any CPU
		{C0E6858A-2975-4638-AA64-F5375D97F835}.Release|Any CPU.ActiveCfg = Release|Any CPU
		{C0E6858A-2975-4638-AA64-F5375D97F835}.Release|Any CPU.Build.0 = Release|Any CPU
	EndGlobalSection
	GlobalSection(SolutionProperties) = preSolution
		HideSolutionNode = FALSE
	EndGlobalSection
	GlobalSection(ExtensibilityGlobals) = postSolution
		SolutionGuid = {64C240CD-0D7C-4E1F-89D8-D396145328B6}
	EndGlobalSection
EndGlobal
